{
    "version": 3,
    "terraform_version": "0.11.7",
    "serial": 12,
    "lineage": "45ad931c-ea23-1b6b-520f-308efda74ee6",
    "modules": [
        {
            "path": [
                "root"
            ],
            "outputs": {},
            "resources": {
                "aws_eip.forNat": {
                    "type": "aws_eip",
                    "depends_on": [],
                    "primary": {
                        "id": "eipalloc-0d7eae9f0491098d7",
                        "attributes": {
                            "association_id": "",
                            "domain": "vpc",
                            "id": "eipalloc-0d7eae9f0491098d7",
                            "instance": "",
                            "network_interface": "",
                            "private_ip": "",
                            "public_ip": "35.177.97.179",
                            "tags.%": "0",
                            "vpc": "true"
                        },
                        "meta": {
                            "e2bfb730-ecaa-11e6-8f88-34363bc7c4c0": {
                                "delete": 180000000000,
                                "read": 900000000000,
                                "update": 300000000000
                            }
                        },
                        "tainted": false
                    },
                    "deposed": [],
                    "provider": "provider.aws"
                },
                "aws_instance.database": {
                    "type": "aws_instance",
                    "depends_on": [
                        "aws_security_group.Database",
                        "aws_subnet.PrivateAZA"
                    ],
                    "primary": {
                        "id": "i-0e4cde8cc35dfe277",
                        "attributes": {
                            "ami": "ami-c12dcda6",
                            "associate_public_ip_address": "false",
                            "availability_zone": "eu-west-2b",
                            "credit_specification.#": "1",
                            "credit_specification.0.cpu_credits": "standard",
                            "disable_api_termination": "false",
                            "ebs_block_device.#": "0",
                            "ebs_optimized": "false",
                            "ephemeral_block_device.#": "0",
                            "get_password_data": "false",
                            "iam_instance_profile": "",
                            "id": "i-0e4cde8cc35dfe277",
                            "instance_state": "running",
                            "instance_type": "t2.micro",
                            "ipv6_addresses.#": "0",
                            "key_name": "serviceuser",
                            "monitoring": "false",
                            "network_interface.#": "0",
                            "network_interface_id": "eni-0eeb14aaefc73ee58",
                            "password_data": "",
                            "placement_group": "",
                            "primary_network_interface_id": "eni-0eeb14aaefc73ee58",
                            "private_dns": "ip-172-28-3-4.eu-west-2.compute.internal",
                            "private_ip": "172.28.3.4",
                            "public_dns": "",
                            "public_ip": "",
                            "root_block_device.#": "1",
                            "root_block_device.0.delete_on_termination": "true",
                            "root_block_device.0.iops": "100",
                            "root_block_device.0.volume_id": "vol-0d5123758f02f0705",
                            "root_block_device.0.volume_size": "8",
                            "root_block_device.0.volume_type": "gp2",
                            "security_groups.#": "0",
                            "source_dest_check": "true",
                            "subnet_id": "subnet-0e1e541be02ca07bc",
                            "tags.%": "1",
                            "tags.Name": "database",
                            "tenancy": "default",
                            "user_data": "c790c4b52a291c838a5bfa9fc1e70ac19ddac210",
                            "volume_tags.%": "0",
                            "vpc_security_group_ids.#": "1",
                            "vpc_security_group_ids.3925858468": "sg-00e4282d6eac25354"
                        },
                        "meta": {
                            "e2bfb730-ecaa-11e6-8f88-34363bc7c4c0": {
                                "create": 600000000000,
                                "delete": 1200000000000,
                                "update": 600000000000
                            },
                            "schema_version": "1"
                        },
                        "tainted": false
                    },
                    "deposed": [],
                    "provider": "provider.aws"
                },
                "aws_instance.phpapp": {
                    "type": "aws_instance",
                    "depends_on": [
                        "aws_security_group.FrontEnd",
                        "aws_subnet.PublicAZA"
                    ],
                    "primary": {
                        "id": "i-074526679c27ea37a",
                        "attributes": {
                            "ami": "ami-c12dcda6",
                            "associate_public_ip_address": "true",
                            "availability_zone": "eu-west-2a",
                            "credit_specification.#": "1",
                            "credit_specification.0.cpu_credits": "standard",
                            "disable_api_termination": "false",
                            "ebs_block_device.#": "0",
                            "ebs_optimized": "false",
                            "ephemeral_block_device.#": "0",
                            "get_password_data": "false",
                            "iam_instance_profile": "",
                            "id": "i-074526679c27ea37a",
                            "instance_state": "running",
                            "instance_type": "t2.micro",
                            "ipv6_addresses.#": "0",
                            "key_name": "serviceuser",
                            "monitoring": "false",
                            "network_interface.#": "0",
                            "network_interface_id": "eni-0ce715b417540206a",
                            "password_data": "",
                            "placement_group": "",
                            "primary_network_interface_id": "eni-0ce715b417540206a",
                            "private_dns": "ip-172-28-0-98.eu-west-2.compute.internal",
                            "private_ip": "172.28.0.98",
                            "public_dns": "ec2-35-178-88-224.eu-west-2.compute.amazonaws.com",
                            "public_ip": "35.178.88.224",
                            "root_block_device.#": "1",
                            "root_block_device.0.delete_on_termination": "true",
                            "root_block_device.0.iops": "100",
                            "root_block_device.0.volume_id": "vol-01f9f44e5b73b97e5",
                            "root_block_device.0.volume_size": "8",
                            "root_block_device.0.volume_type": "gp2",
                            "security_groups.#": "0",
                            "source_dest_check": "true",
                            "subnet_id": "subnet-04228cca243d289c7",
                            "tags.%": "1",
                            "tags.Name": "phpapp",
                            "tenancy": "default",
                            "user_data": "6b64df8991c4041f5a618faa23ecbf7a9b8ccb2f",
                            "volume_tags.%": "0",
                            "vpc_security_group_ids.#": "1",
                            "vpc_security_group_ids.2771685942": "sg-0b6c4d1d5110a850d"
                        },
                        "meta": {
                            "e2bfb730-ecaa-11e6-8f88-34363bc7c4c0": {
                                "create": 600000000000,
                                "delete": 1200000000000,
                                "update": 600000000000
                            },
                            "schema_version": "1"
                        },
                        "tainted": false
                    },
                    "deposed": [],
                    "provider": "provider.aws"
                },
                "aws_internet_gateway.gw": {
                    "type": "aws_internet_gateway",
                    "depends_on": [
                        "aws_vpc.terraformmain"
                    ],
                    "primary": {
                        "id": "igw-080deeef271371fec",
                        "attributes": {
                            "id": "igw-080deeef271371fec",
                            "tags.%": "1",
                            "tags.Name": "internet gw terraform generated",
                            "vpc_id": "vpc-0ef64f8c422d2f344"
                        },
                        "meta": {},
                        "tainted": false
                    },
                    "deposed": [],
                    "provider": "provider.aws"
                },
                "aws_nat_gateway.PublicAZA": {
                    "type": "aws_nat_gateway",
                    "depends_on": [
                        "aws_eip.forNat",
                        "aws_internet_gateway.gw",
                        "aws_subnet.PublicAZA"
                    ],
                    "primary": {
                        "id": "nat-0f13c9f05ebfdbcfd",
                        "attributes": {
                            "allocation_id": "eipalloc-0d7eae9f0491098d7",
                            "id": "nat-0f13c9f05ebfdbcfd",
                            "network_interface_id": "eni-4751ff13",
                            "private_ip": "172.28.0.248",
                            "public_ip": "35.177.97.179",
                            "subnet_id": "subnet-04228cca243d289c7",
                            "tags.%": "0"
                        },
                        "meta": {},
                        "tainted": false
                    },
                    "deposed": [],
                    "provider": "provider.aws"
                },
                "aws_network_acl.all": {
                    "type": "aws_network_acl",
                    "depends_on": [
                        "aws_vpc.terraformmain"
                    ],
                    "primary": {
                        "id": "acl-08361c7606902e079",
                        "attributes": {
                            "egress.#": "1",
                            "egress.2943206146.action": "allow",
                            "egress.2943206146.cidr_block": "0.0.0.0/0",
                            "egress.2943206146.from_port": "0",
                            "egress.2943206146.icmp_code": "0",
                            "egress.2943206146.icmp_type": "0",
                            "egress.2943206146.ipv6_cidr_block": "",
                            "egress.2943206146.protocol": "-1",
                            "egress.2943206146.rule_no": "2",
                            "egress.2943206146.to_port": "0",
                            "id": "acl-08361c7606902e079",
                            "ingress.#": "1",
                            "ingress.1564094202.action": "allow",
                            "ingress.1564094202.cidr_block": "0.0.0.0/0",
                            "ingress.1564094202.from_port": "0",
                            "ingress.1564094202.icmp_code": "0",
                            "ingress.1564094202.icmp_type": "0",
                            "ingress.1564094202.ipv6_cidr_block": "",
                            "ingress.1564094202.protocol": "-1",
                            "ingress.1564094202.rule_no": "1",
                            "ingress.1564094202.to_port": "0",
                            "subnet_ids.#": "0",
                            "tags.%": "1",
                            "tags.Name": "open acl",
                            "vpc_id": "vpc-0ef64f8c422d2f344"
                        },
                        "meta": {},
                        "tainted": false
                    },
                    "deposed": [],
                    "provider": "provider.aws"
                },
                "aws_route53_record.database": {
                    "type": "aws_route53_record",
                    "depends_on": [
                        "aws_instance.database",
                        "aws_route53_zone.main"
                    ],
                    "primary": {
                        "id": "Z24X0307IV6XKI_mydatabase.technosallis.internal_A",
                        "attributes": {
                            "allow_overwrite": "true",
                            "fqdn": "mydatabase.technosallis.internal",
                            "id": "Z24X0307IV6XKI_mydatabase.technosallis.internal_A",
                            "name": "mydatabase.technosallis.internal",
                            "records.#": "1",
                            "records.3792769302": "172.28.3.4",
                            "ttl": "300",
                            "type": "A",
                            "zone_id": "Z24X0307IV6XKI"
                        },
                        "meta": {
                            "schema_version": "2"
                        },
                        "tainted": false
                    },
                    "deposed": [],
                    "provider": "provider.aws"
                },
                "aws_route53_zone.main": {
                    "type": "aws_route53_zone",
                    "depends_on": [
                        "aws_vpc.terraformmain"
                    ],
                    "primary": {
                        "id": "Z24X0307IV6XKI",
                        "attributes": {
                            "comment": "Managed by terraform",
                            "force_destroy": "false",
                            "id": "Z24X0307IV6XKI",
                            "name": "technosallis.internal",
                            "name_servers.#": "4",
                            "name_servers.0": "ns-0.awsdns-00.com.",
                            "name_servers.1": "ns-1024.awsdns-00.org.",
                            "name_servers.2": "ns-1536.awsdns-00.co.uk.",
                            "name_servers.3": "ns-512.awsdns-00.net.",
                            "tags.%": "0",
                            "vpc_id": "vpc-0ef64f8c422d2f344",
                            "vpc_region": "eu-west-2",
                            "zone_id": "Z24X0307IV6XKI"
                        },
                        "meta": {},
                        "tainted": false
                    },
                    "deposed": [],
                    "provider": "provider.aws"
                },
                "aws_route_table.private": {
                    "type": "aws_route_table",
                    "depends_on": [
                        "aws_nat_gateway.PublicAZA",
                        "aws_vpc.terraformmain"
                    ],
                    "primary": {
                        "id": "rtb-0f3ff71108e6ba0b7",
                        "attributes": {
                            "id": "rtb-0f3ff71108e6ba0b7",
                            "propagating_vgws.#": "0",
                            "route.#": "1",
                            "route.1734534809.cidr_block": "0.0.0.0/0",
                            "route.1734534809.egress_only_gateway_id": "",
                            "route.1734534809.gateway_id": "",
                            "route.1734534809.instance_id": "",
                            "route.1734534809.ipv6_cidr_block": "",
                            "route.1734534809.nat_gateway_id": "nat-0f13c9f05ebfdbcfd",
                            "route.1734534809.network_interface_id": "",
                            "route.1734534809.vpc_peering_connection_id": "",
                            "tags.%": "1",
                            "tags.Name": "Private",
                            "vpc_id": "vpc-0ef64f8c422d2f344"
                        },
                        "meta": {},
                        "tainted": false
                    },
                    "deposed": [],
                    "provider": "provider.aws"
                },
                "aws_route_table.public": {
                    "type": "aws_route_table",
                    "depends_on": [
                        "aws_internet_gateway.gw",
                        "aws_vpc.terraformmain"
                    ],
                    "primary": {
                        "id": "rtb-0c75b86a45e0a2fda",
                        "attributes": {
                            "id": "rtb-0c75b86a45e0a2fda",
                            "propagating_vgws.#": "0",
                            "route.#": "1",
                            "route.3222984108.cidr_block": "0.0.0.0/0",
                            "route.3222984108.egress_only_gateway_id": "",
                            "route.3222984108.gateway_id": "igw-080deeef271371fec",
                            "route.3222984108.instance_id": "",
                            "route.3222984108.ipv6_cidr_block": "",
                            "route.3222984108.nat_gateway_id": "",
                            "route.3222984108.network_interface_id": "",
                            "route.3222984108.vpc_peering_connection_id": "",
                            "tags.%": "1",
                            "tags.Name": "Public",
                            "vpc_id": "vpc-0ef64f8c422d2f344"
                        },
                        "meta": {},
                        "tainted": false
                    },
                    "deposed": [],
                    "provider": "provider.aws"
                },
                "aws_route_table_association.PrivateAZA": {
                    "type": "aws_route_table_association",
                    "depends_on": [
                        "aws_route_table.private",
                        "aws_subnet.PrivateAZA"
                    ],
                    "primary": {
                        "id": "rtbassoc-0d61a6953fb6a6046",
                        "attributes": {
                            "id": "rtbassoc-0d61a6953fb6a6046",
                            "route_table_id": "rtb-0f3ff71108e6ba0b7",
                            "subnet_id": "subnet-0e1e541be02ca07bc"
                        },
                        "meta": {},
                        "tainted": false
                    },
                    "deposed": [],
                    "provider": "provider.aws"
                },
                "aws_route_table_association.PublicAZA": {
                    "type": "aws_route_table_association",
                    "depends_on": [
                        "aws_route_table.public",
                        "aws_subnet.PublicAZA"
                    ],
                    "primary": {
                        "id": "rtbassoc-0cf080fbf03ac307f",
                        "attributes": {
                            "id": "rtbassoc-0cf080fbf03ac307f",
                            "route_table_id": "rtb-0c75b86a45e0a2fda",
                            "subnet_id": "subnet-04228cca243d289c7"
                        },
                        "meta": {},
                        "tainted": false
                    },
                    "deposed": [],
                    "provider": "provider.aws"
                },
                "aws_security_group.Database": {
                    "type": "aws_security_group",
                    "depends_on": [
                        "aws_security_group.FrontEnd",
                        "aws_vpc.terraformmain"
                    ],
                    "primary": {
                        "id": "sg-00e4282d6eac25354",
                        "attributes": {
                            "arn": "arn:aws:ec2:eu-west-2:903371460841:security-group/sg-00e4282d6eac25354",
                            "description": "ONLY tcp CONNECTION INBOUND",
                            "egress.#": "1",
                            "egress.482069346.cidr_blocks.#": "1",
                            "egress.482069346.cidr_blocks.0": "0.0.0.0/0",
                            "egress.482069346.description": "",
                            "egress.482069346.from_port": "0",
                            "egress.482069346.ipv6_cidr_blocks.#": "0",
                            "egress.482069346.prefix_list_ids.#": "0",
                            "egress.482069346.protocol": "-1",
                            "egress.482069346.security_groups.#": "0",
                            "egress.482069346.self": "false",
                            "egress.482069346.to_port": "0",
                            "id": "sg-00e4282d6eac25354",
                            "ingress.#": "2",
                            "ingress.2541437006.cidr_blocks.#": "1",
                            "ingress.2541437006.cidr_blocks.0": "0.0.0.0/0",
                            "ingress.2541437006.description": "",
                            "ingress.2541437006.from_port": "22",
                            "ingress.2541437006.ipv6_cidr_blocks.#": "0",
                            "ingress.2541437006.protocol": "TCP",
                            "ingress.2541437006.security_groups.#": "0",
                            "ingress.2541437006.self": "false",
                            "ingress.2541437006.to_port": "22",
                            "ingress.3980224204.cidr_blocks.#": "0",
                            "ingress.3980224204.description": "",
                            "ingress.3980224204.from_port": "3306",
                            "ingress.3980224204.ipv6_cidr_blocks.#": "0",
                            "ingress.3980224204.protocol": "TCP",
                            "ingress.3980224204.security_groups.#": "1",
                            "ingress.3980224204.security_groups.2771685942": "sg-0b6c4d1d5110a850d",
                            "ingress.3980224204.self": "false",
                            "ingress.3980224204.to_port": "3306",
                            "name": "Database",
                            "owner_id": "903371460841",
                            "revoke_rules_on_delete": "false",
                            "tags.%": "1",
                            "tags.Name": "Database",
                            "vpc_id": "vpc-0ef64f8c422d2f344"
                        },
                        "meta": {
                            "e2bfb730-ecaa-11e6-8f88-34363bc7c4c0": {
                                "create": 600000000000,
                                "delete": 600000000000
                            },
                            "schema_version": "1"
                        },
                        "tainted": false
                    },
                    "deposed": [],
                    "provider": "provider.aws"
                },
                "aws_security_group.FrontEnd": {
                    "type": "aws_security_group",
                    "depends_on": [
                        "aws_vpc.terraformmain"
                    ],
                    "primary": {
                        "id": "sg-0b6c4d1d5110a850d",
                        "attributes": {
                            "arn": "arn:aws:ec2:eu-west-2:903371460841:security-group/sg-0b6c4d1d5110a850d",
                            "description": "ONLY HTTP CONNECTION INBOUND",
                            "egress.#": "1",
                            "egress.482069346.cidr_blocks.#": "1",
                            "egress.482069346.cidr_blocks.0": "0.0.0.0/0",
                            "egress.482069346.description": "",
                            "egress.482069346.from_port": "0",
                            "egress.482069346.ipv6_cidr_blocks.#": "0",
                            "egress.482069346.prefix_list_ids.#": "0",
                            "egress.482069346.protocol": "-1",
                            "egress.482069346.security_groups.#": "0",
                            "egress.482069346.self": "false",
                            "egress.482069346.to_port": "0",
                            "id": "sg-0b6c4d1d5110a850d",
                            "ingress.#": "2",
                            "ingress.2214680975.cidr_blocks.#": "1",
                            "ingress.2214680975.cidr_blocks.0": "0.0.0.0/0",
                            "ingress.2214680975.description": "",
                            "ingress.2214680975.from_port": "80",
                            "ingress.2214680975.ipv6_cidr_blocks.#": "0",
                            "ingress.2214680975.protocol": "TCP",
                            "ingress.2214680975.security_groups.#": "0",
                            "ingress.2214680975.self": "false",
                            "ingress.2214680975.to_port": "80",
                            "ingress.2541437006.cidr_blocks.#": "1",
                            "ingress.2541437006.cidr_blocks.0": "0.0.0.0/0",
                            "ingress.2541437006.description": "",
                            "ingress.2541437006.from_port": "22",
                            "ingress.2541437006.ipv6_cidr_blocks.#": "0",
                            "ingress.2541437006.protocol": "TCP",
                            "ingress.2541437006.security_groups.#": "0",
                            "ingress.2541437006.self": "false",
                            "ingress.2541437006.to_port": "22",
                            "name": "FrontEnd",
                            "owner_id": "903371460841",
                            "revoke_rules_on_delete": "false",
                            "tags.%": "1",
                            "tags.Name": "FrontEnd",
                            "vpc_id": "vpc-0ef64f8c422d2f344"
                        },
                        "meta": {
                            "e2bfb730-ecaa-11e6-8f88-34363bc7c4c0": {
                                "create": 600000000000,
                                "delete": 600000000000
                            },
                            "schema_version": "1"
                        },
                        "tainted": false
                    },
                    "deposed": [],
                    "provider": "provider.aws"
                },
                "aws_subnet.PrivateAZA": {
                    "type": "aws_subnet",
                    "depends_on": [
                        "aws_vpc.terraformmain",
                        "data.aws_availability_zones.available"
                    ],
                    "primary": {
                        "id": "subnet-0e1e541be02ca07bc",
                        "attributes": {
                            "assign_ipv6_address_on_creation": "false",
                            "availability_zone": "eu-west-2b",
                            "cidr_block": "172.28.3.0/24",
                            "id": "subnet-0e1e541be02ca07bc",
                            "map_public_ip_on_launch": "false",
                            "tags.%": "1",
                            "tags.Name": "PublicAZB",
                            "vpc_id": "vpc-0ef64f8c422d2f344"
                        },
                        "meta": {
                            "schema_version": "1"
                        },
                        "tainted": false
                    },
                    "deposed": [],
                    "provider": "provider.aws"
                },
                "aws_subnet.PublicAZA": {
                    "type": "aws_subnet",
                    "depends_on": [
                        "aws_vpc.terraformmain",
                        "data.aws_availability_zones.available"
                    ],
                    "primary": {
                        "id": "subnet-04228cca243d289c7",
                        "attributes": {
                            "assign_ipv6_address_on_creation": "false",
                            "availability_zone": "eu-west-2a",
                            "cidr_block": "172.28.0.0/24",
                            "id": "subnet-04228cca243d289c7",
                            "map_public_ip_on_launch": "false",
                            "tags.%": "1",
                            "tags.Name": "PublicAZA",
                            "vpc_id": "vpc-0ef64f8c422d2f344"
                        },
                        "meta": {
                            "schema_version": "1"
                        },
                        "tainted": false
                    },
                    "deposed": [],
                    "provider": "provider.aws"
                },
                "aws_vpc.terraformmain": {
                    "type": "aws_vpc",
                    "depends_on": [],
                    "primary": {
                        "id": "vpc-0ef64f8c422d2f344",
                        "attributes": {
                            "assign_generated_ipv6_cidr_block": "false",
                            "cidr_block": "172.28.0.0/16",
                            "default_network_acl_id": "acl-0da15730879616edb",
                            "default_route_table_id": "rtb-027249e590386d3d2",
                            "default_security_group_id": "sg-05377cc823796ac20",
                            "dhcp_options_id": "dopt-f65eee9e",
                            "enable_dns_hostnames": "true",
                            "enable_dns_support": "true",
                            "id": "vpc-0ef64f8c422d2f344",
                            "instance_tenancy": "default",
                            "main_route_table_id": "rtb-027249e590386d3d2",
                            "tags.%": "1",
                            "tags.Name": "My terraform vpc"
                        },
                        "meta": {
                            "schema_version": "1"
                        },
                        "tainted": false
                    },
                    "deposed": [],
                    "provider": "provider.aws"
                },
                "aws_vpc_dhcp_options.mydhcp": {
                    "type": "aws_vpc_dhcp_options",
                    "depends_on": [],
                    "primary": {
                        "id": "dopt-07830cd0dd874d5a0",
                        "attributes": {
                            "domain_name": "technosallis.internal",
                            "domain_name_servers.#": "1",
                            "domain_name_servers.0": "AmazonProvidedDNS",
                            "id": "dopt-07830cd0dd874d5a0",
                            "tags.%": "1",
                            "tags.Name": "My internal name"
                        },
                        "meta": {},
                        "tainted": false
                    },
                    "deposed": [],
                    "provider": "provider.aws"
                },
                "aws_vpc_dhcp_options_association.dns_resolver": {
                    "type": "aws_vpc_dhcp_options_association",
                    "depends_on": [
                        "aws_vpc.terraformmain",
                        "aws_vpc_dhcp_options.mydhcp"
                    ],
                    "primary": {
                        "id": "dopt-07830cd0dd874d5a0-vpc-0ef64f8c422d2f344",
                        "attributes": {
                            "dhcp_options_id": "dopt-07830cd0dd874d5a0",
                            "id": "dopt-07830cd0dd874d5a0-vpc-0ef64f8c422d2f344",
                            "vpc_id": "vpc-0ef64f8c422d2f344"
                        },
                        "meta": {},
                        "tainted": false
                    },
                    "deposed": [],
                    "provider": "provider.aws"
                },
                "data.aws_availability_zones.available": {
                    "type": "aws_availability_zones",
                    "depends_on": [],
                    "primary": {
                        "id": "2018-05-15 10:59:02.83185 +0000 UTC",
                        "attributes": {
                            "id": "2018-05-15 10:59:02.83185 +0000 UTC",
                            "names.#": "3",
                            "names.0": "eu-west-2a",
                            "names.1": "eu-west-2b",
                            "names.2": "eu-west-2c"
                        },
                        "meta": {},
                        "tainted": false
                    },
                    "deposed": [],
                    "provider": "provider.aws"
                }
            },
            "depends_on": []
        }
    ]
}
