{
    "version": 3,
    "terraform_version": "0.11.7",
    "serial": 6,
    "lineage": "45ad931c-ea23-1b6b-520f-308efda74ee6",
    "modules": [
        {
            "path": [
                "root"
            ],
            "outputs": {},
            "resources": {
                "aws_eip.forNat": {
                    "type": "aws_eip",
                    "depends_on": [],
                    "primary": {
                        "id": "eipalloc-01ab1f8cc14408140",
                        "attributes": {
                            "association_id": "",
                            "domain": "vpc",
                            "id": "eipalloc-01ab1f8cc14408140",
                            "instance": "",
                            "network_interface": "",
                            "private_ip": "",
                            "public_ip": "35.177.25.84",
                            "tags.%": "0",
                            "vpc": "true"
                        },
                        "meta": {
                            "e2bfb730-ecaa-11e6-8f88-34363bc7c4c0": {
                                "delete": 180000000000,
                                "read": 900000000000,
                                "update": 300000000000
                            }
                        },
                        "tainted": false
                    },
                    "deposed": [],
                    "provider": "provider.aws"
                },
                "aws_instance.database": {
                    "type": "aws_instance",
                    "depends_on": [
                        "aws_security_group.Database",
                        "aws_subnet.PrivateAZA"
                    ],
                    "primary": {
                        "id": "i-0bc76f34c7aaacb70",
                        "attributes": {
                            "ami": "ami-c12dcda6",
                            "associate_public_ip_address": "false",
                            "availability_zone": "eu-west-2b",
                            "credit_specification.#": "1",
                            "credit_specification.0.cpu_credits": "standard",
                            "disable_api_termination": "false",
                            "ebs_block_device.#": "0",
                            "ebs_optimized": "false",
                            "ephemeral_block_device.#": "0",
                            "get_password_data": "false",
                            "iam_instance_profile": "",
                            "id": "i-0bc76f34c7aaacb70",
                            "instance_state": "running",
                            "instance_type": "t2.micro",
                            "ipv6_addresses.#": "0",
                            "key_name": "serviceuser",
                            "monitoring": "false",
                            "network_interface.#": "0",
                            "network_interface_id": "eni-03647063a7039e34a",
                            "password_data": "",
                            "placement_group": "",
                            "primary_network_interface_id": "eni-03647063a7039e34a",
                            "private_dns": "ip-172-31-3-54.eu-west-2.compute.internal",
                            "private_ip": "172.31.3.54",
                            "public_dns": "",
                            "public_ip": "",
                            "root_block_device.#": "1",
                            "root_block_device.0.delete_on_termination": "true",
                            "root_block_device.0.iops": "100",
                            "root_block_device.0.volume_id": "vol-0588cd25faaddf783",
                            "root_block_device.0.volume_size": "8",
                            "root_block_device.0.volume_type": "gp2",
                            "security_groups.#": "0",
                            "source_dest_check": "true",
                            "subnet_id": "subnet-02bb530c37c80e816",
                            "tags.%": "1",
                            "tags.Name": "database",
                            "tenancy": "default",
                            "user_data": "c790c4b52a291c838a5bfa9fc1e70ac19ddac210",
                            "volume_tags.%": "0",
                            "vpc_security_group_ids.#": "1",
                            "vpc_security_group_ids.1700019279": "sg-04dc9a5332ccf5b63"
                        },
                        "meta": {
                            "e2bfb730-ecaa-11e6-8f88-34363bc7c4c0": {
                                "create": 600000000000,
                                "delete": 1200000000000,
                                "update": 600000000000
                            },
                            "schema_version": "1"
                        },
                        "tainted": false
                    },
                    "deposed": [],
                    "provider": "provider.aws"
                },
                "aws_instance.phpapp": {
                    "type": "aws_instance",
                    "depends_on": [
                        "aws_security_group.FrontEnd",
                        "aws_subnet.PublicAZA"
                    ],
                    "primary": {
                        "id": "i-065ea81d74139dc62",
                        "attributes": {
                            "ami": "ami-c12dcda6",
                            "associate_public_ip_address": "true",
                            "availability_zone": "eu-west-2a",
                            "credit_specification.#": "1",
                            "credit_specification.0.cpu_credits": "standard",
                            "disable_api_termination": "false",
                            "ebs_block_device.#": "0",
                            "ebs_optimized": "false",
                            "ephemeral_block_device.#": "0",
                            "get_password_data": "false",
                            "iam_instance_profile": "",
                            "id": "i-065ea81d74139dc62",
                            "instance_state": "running",
                            "instance_type": "t2.micro",
                            "ipv6_addresses.#": "0",
                            "key_name": "serviceuser",
                            "monitoring": "false",
                            "network_interface.#": "0",
                            "network_interface_id": "eni-0f3dcd7abff940833",
                            "password_data": "",
                            "placement_group": "",
                            "primary_network_interface_id": "eni-0f3dcd7abff940833",
                            "private_dns": "ip-172-31-0-115.eu-west-2.compute.internal",
                            "private_ip": "172.31.0.115",
                            "public_dns": "ec2-18-130-26-169.eu-west-2.compute.amazonaws.com",
                            "public_ip": "18.130.26.169",
                            "root_block_device.#": "1",
                            "root_block_device.0.delete_on_termination": "true",
                            "root_block_device.0.iops": "100",
                            "root_block_device.0.volume_id": "vol-064095ec84b9cd9a9",
                            "root_block_device.0.volume_size": "8",
                            "root_block_device.0.volume_type": "gp2",
                            "security_groups.#": "0",
                            "source_dest_check": "true",
                            "subnet_id": "subnet-09d078334994810ac",
                            "tags.%": "1",
                            "tags.Name": "phpapp",
                            "tenancy": "default",
                            "user_data": "fda97eee2e16a2114ca9f5b2063163c5e4a03a1c",
                            "volume_tags.%": "0",
                            "vpc_security_group_ids.#": "1",
                            "vpc_security_group_ids.4195108281": "sg-040c76fe9b2b9e538"
                        },
                        "meta": {
                            "e2bfb730-ecaa-11e6-8f88-34363bc7c4c0": {
                                "create": 600000000000,
                                "delete": 1200000000000,
                                "update": 600000000000
                            },
                            "schema_version": "1"
                        },
                        "tainted": false
                    },
                    "deposed": [],
                    "provider": "provider.aws"
                },
                "aws_internet_gateway.gw": {
                    "type": "aws_internet_gateway",
                    "depends_on": [
                        "aws_vpc.terraformmain"
                    ],
                    "primary": {
                        "id": "igw-04206dd198eb2b9ff",
                        "attributes": {
                            "id": "igw-04206dd198eb2b9ff",
                            "tags.%": "1",
                            "tags.Name": "internet gw terraform generated",
                            "vpc_id": "vpc-099f9210d935132a5"
                        },
                        "meta": {},
                        "tainted": false
                    },
                    "deposed": [],
                    "provider": "provider.aws"
                },
                "aws_nat_gateway.PublicAZA": {
                    "type": "aws_nat_gateway",
                    "depends_on": [
                        "aws_eip.forNat",
                        "aws_internet_gateway.gw",
                        "aws_subnet.PublicAZA"
                    ],
                    "primary": {
                        "id": "nat-0a3e34e4fb6fdf33a",
                        "attributes": {
                            "allocation_id": "eipalloc-01ab1f8cc14408140",
                            "id": "nat-0a3e34e4fb6fdf33a",
                            "network_interface_id": "eni-d0c66484",
                            "private_ip": "172.31.0.73",
                            "public_ip": "35.177.25.84",
                            "subnet_id": "subnet-09d078334994810ac",
                            "tags.%": "0"
                        },
                        "meta": {},
                        "tainted": false
                    },
                    "deposed": [],
                    "provider": "provider.aws"
                },
                "aws_network_acl.all": {
                    "type": "aws_network_acl",
                    "depends_on": [
                        "aws_vpc.terraformmain"
                    ],
                    "primary": {
                        "id": "acl-05bb56b3f1b49ca31",
                        "attributes": {
                            "egress.#": "1",
                            "egress.2943206146.action": "allow",
                            "egress.2943206146.cidr_block": "0.0.0.0/0",
                            "egress.2943206146.from_port": "0",
                            "egress.2943206146.icmp_code": "0",
                            "egress.2943206146.icmp_type": "0",
                            "egress.2943206146.ipv6_cidr_block": "",
                            "egress.2943206146.protocol": "-1",
                            "egress.2943206146.rule_no": "2",
                            "egress.2943206146.to_port": "0",
                            "id": "acl-05bb56b3f1b49ca31",
                            "ingress.#": "1",
                            "ingress.1564094202.action": "allow",
                            "ingress.1564094202.cidr_block": "0.0.0.0/0",
                            "ingress.1564094202.from_port": "0",
                            "ingress.1564094202.icmp_code": "0",
                            "ingress.1564094202.icmp_type": "0",
                            "ingress.1564094202.ipv6_cidr_block": "",
                            "ingress.1564094202.protocol": "-1",
                            "ingress.1564094202.rule_no": "1",
                            "ingress.1564094202.to_port": "0",
                            "subnet_ids.#": "0",
                            "tags.%": "1",
                            "tags.Name": "open acl",
                            "vpc_id": "vpc-099f9210d935132a5"
                        },
                        "meta": {},
                        "tainted": false
                    },
                    "deposed": [],
                    "provider": "provider.aws"
                },
                "aws_route53_record.database": {
                    "type": "aws_route53_record",
                    "depends_on": [
                        "aws_instance.database",
                        "aws_route53_zone.main"
                    ],
                    "primary": {
                        "id": "ZO32Y27U97GD6_mydatabase.technosallis.internal_A",
                        "attributes": {
                            "allow_overwrite": "true",
                            "fqdn": "mydatabase.technosallis.internal",
                            "id": "ZO32Y27U97GD6_mydatabase.technosallis.internal_A",
                            "name": "mydatabase.technosallis.internal",
                            "records.#": "1",
                            "records.2682508357": "172.31.3.54",
                            "ttl": "300",
                            "type": "A",
                            "zone_id": "ZO32Y27U97GD6"
                        },
                        "meta": {
                            "schema_version": "2"
                        },
                        "tainted": false
                    },
                    "deposed": [],
                    "provider": "provider.aws"
                },
                "aws_route53_zone.main": {
                    "type": "aws_route53_zone",
                    "depends_on": [
                        "aws_vpc.terraformmain"
                    ],
                    "primary": {
                        "id": "ZO32Y27U97GD6",
                        "attributes": {
                            "comment": "Managed by terraform",
                            "force_destroy": "false",
                            "id": "ZO32Y27U97GD6",
                            "name": "technosallis.internal",
                            "name_servers.#": "4",
                            "name_servers.0": "ns-0.awsdns-00.com.",
                            "name_servers.1": "ns-1024.awsdns-00.org.",
                            "name_servers.2": "ns-1536.awsdns-00.co.uk.",
                            "name_servers.3": "ns-512.awsdns-00.net.",
                            "tags.%": "0",
                            "vpc_id": "vpc-099f9210d935132a5",
                            "vpc_region": "eu-west-2",
                            "zone_id": "ZO32Y27U97GD6"
                        },
                        "meta": {},
                        "tainted": false
                    },
                    "deposed": [],
                    "provider": "provider.aws"
                },
                "aws_route_table.private": {
                    "type": "aws_route_table",
                    "depends_on": [
                        "aws_nat_gateway.PublicAZA",
                        "aws_vpc.terraformmain"
                    ],
                    "primary": {
                        "id": "rtb-0b9296d0b741a3286",
                        "attributes": {
                            "id": "rtb-0b9296d0b741a3286",
                            "propagating_vgws.#": "0",
                            "route.#": "1",
                            "route.2699665365.cidr_block": "0.0.0.0/0",
                            "route.2699665365.egress_only_gateway_id": "",
                            "route.2699665365.gateway_id": "",
                            "route.2699665365.instance_id": "",
                            "route.2699665365.ipv6_cidr_block": "",
                            "route.2699665365.nat_gateway_id": "nat-0a3e34e4fb6fdf33a",
                            "route.2699665365.network_interface_id": "",
                            "route.2699665365.vpc_peering_connection_id": "",
                            "tags.%": "1",
                            "tags.Name": "Private",
                            "vpc_id": "vpc-099f9210d935132a5"
                        },
                        "meta": {},
                        "tainted": false
                    },
                    "deposed": [],
                    "provider": "provider.aws"
                },
                "aws_route_table.public": {
                    "type": "aws_route_table",
                    "depends_on": [
                        "aws_internet_gateway.gw",
                        "aws_vpc.terraformmain"
                    ],
                    "primary": {
                        "id": "rtb-065af1c2bbbb74344",
                        "attributes": {
                            "id": "rtb-065af1c2bbbb74344",
                            "propagating_vgws.#": "0",
                            "route.#": "1",
                            "route.1308816357.cidr_block": "0.0.0.0/0",
                            "route.1308816357.egress_only_gateway_id": "",
                            "route.1308816357.gateway_id": "igw-04206dd198eb2b9ff",
                            "route.1308816357.instance_id": "",
                            "route.1308816357.ipv6_cidr_block": "",
                            "route.1308816357.nat_gateway_id": "",
                            "route.1308816357.network_interface_id": "",
                            "route.1308816357.vpc_peering_connection_id": "",
                            "tags.%": "1",
                            "tags.Name": "Public",
                            "vpc_id": "vpc-099f9210d935132a5"
                        },
                        "meta": {},
                        "tainted": false
                    },
                    "deposed": [],
                    "provider": "provider.aws"
                },
                "aws_route_table_association.PrivateAZA": {
                    "type": "aws_route_table_association",
                    "depends_on": [
                        "aws_route_table.private",
                        "aws_subnet.PrivateAZA"
                    ],
                    "primary": {
                        "id": "rtbassoc-080b82c2ce9c21997",
                        "attributes": {
                            "id": "rtbassoc-080b82c2ce9c21997",
                            "route_table_id": "rtb-0b9296d0b741a3286",
                            "subnet_id": "subnet-02bb530c37c80e816"
                        },
                        "meta": {},
                        "tainted": false
                    },
                    "deposed": [],
                    "provider": "provider.aws"
                },
                "aws_route_table_association.PublicAZA": {
                    "type": "aws_route_table_association",
                    "depends_on": [
                        "aws_route_table.public",
                        "aws_subnet.PublicAZA"
                    ],
                    "primary": {
                        "id": "rtbassoc-09b7e26ee5a7aa0e8",
                        "attributes": {
                            "id": "rtbassoc-09b7e26ee5a7aa0e8",
                            "route_table_id": "rtb-065af1c2bbbb74344",
                            "subnet_id": "subnet-09d078334994810ac"
                        },
                        "meta": {},
                        "tainted": false
                    },
                    "deposed": [],
                    "provider": "provider.aws"
                },
                "aws_security_group.Database": {
                    "type": "aws_security_group",
                    "depends_on": [
                        "aws_security_group.FrontEnd",
                        "aws_vpc.terraformmain"
                    ],
                    "primary": {
                        "id": "sg-04dc9a5332ccf5b63",
                        "attributes": {
                            "arn": "arn:aws:ec2:eu-west-2:903371460841:security-group/sg-04dc9a5332ccf5b63",
                            "description": "ONLY tcp CONNECTION INBOUND",
                            "egress.#": "1",
                            "egress.482069346.cidr_blocks.#": "1",
                            "egress.482069346.cidr_blocks.0": "0.0.0.0/0",
                            "egress.482069346.description": "",
                            "egress.482069346.from_port": "0",
                            "egress.482069346.ipv6_cidr_blocks.#": "0",
                            "egress.482069346.prefix_list_ids.#": "0",
                            "egress.482069346.protocol": "-1",
                            "egress.482069346.security_groups.#": "0",
                            "egress.482069346.self": "false",
                            "egress.482069346.to_port": "0",
                            "id": "sg-04dc9a5332ccf5b63",
                            "ingress.#": "2",
                            "ingress.2422587562.cidr_blocks.#": "0",
                            "ingress.2422587562.description": "",
                            "ingress.2422587562.from_port": "3306",
                            "ingress.2422587562.ipv6_cidr_blocks.#": "0",
                            "ingress.2422587562.protocol": "TCP",
                            "ingress.2422587562.security_groups.#": "1",
                            "ingress.2422587562.security_groups.4195108281": "sg-040c76fe9b2b9e538",
                            "ingress.2422587562.self": "false",
                            "ingress.2422587562.to_port": "3306",
                            "ingress.2541437006.cidr_blocks.#": "1",
                            "ingress.2541437006.cidr_blocks.0": "0.0.0.0/0",
                            "ingress.2541437006.description": "",
                            "ingress.2541437006.from_port": "22",
                            "ingress.2541437006.ipv6_cidr_blocks.#": "0",
                            "ingress.2541437006.protocol": "TCP",
                            "ingress.2541437006.security_groups.#": "0",
                            "ingress.2541437006.self": "false",
                            "ingress.2541437006.to_port": "22",
                            "name": "Database",
                            "owner_id": "903371460841",
                            "revoke_rules_on_delete": "false",
                            "tags.%": "1",
                            "tags.Name": "Database",
                            "vpc_id": "vpc-099f9210d935132a5"
                        },
                        "meta": {
                            "e2bfb730-ecaa-11e6-8f88-34363bc7c4c0": {
                                "create": 600000000000,
                                "delete": 600000000000
                            },
                            "schema_version": "1"
                        },
                        "tainted": false
                    },
                    "deposed": [],
                    "provider": "provider.aws"
                },
                "aws_security_group.FrontEnd": {
                    "type": "aws_security_group",
                    "depends_on": [
                        "aws_vpc.terraformmain"
                    ],
                    "primary": {
                        "id": "sg-040c76fe9b2b9e538",
                        "attributes": {
                            "arn": "arn:aws:ec2:eu-west-2:903371460841:security-group/sg-040c76fe9b2b9e538",
                            "description": "ONLY HTTP CONNECTION INBOUND",
                            "egress.#": "1",
                            "egress.482069346.cidr_blocks.#": "1",
                            "egress.482069346.cidr_blocks.0": "0.0.0.0/0",
                            "egress.482069346.description": "",
                            "egress.482069346.from_port": "0",
                            "egress.482069346.ipv6_cidr_blocks.#": "0",
                            "egress.482069346.prefix_list_ids.#": "0",
                            "egress.482069346.protocol": "-1",
                            "egress.482069346.security_groups.#": "0",
                            "egress.482069346.self": "false",
                            "egress.482069346.to_port": "0",
                            "id": "sg-040c76fe9b2b9e538",
                            "ingress.#": "2",
                            "ingress.2214680975.cidr_blocks.#": "1",
                            "ingress.2214680975.cidr_blocks.0": "0.0.0.0/0",
                            "ingress.2214680975.description": "",
                            "ingress.2214680975.from_port": "80",
                            "ingress.2214680975.ipv6_cidr_blocks.#": "0",
                            "ingress.2214680975.protocol": "TCP",
                            "ingress.2214680975.security_groups.#": "0",
                            "ingress.2214680975.self": "false",
                            "ingress.2214680975.to_port": "80",
                            "ingress.2541437006.cidr_blocks.#": "1",
                            "ingress.2541437006.cidr_blocks.0": "0.0.0.0/0",
                            "ingress.2541437006.description": "",
                            "ingress.2541437006.from_port": "22",
                            "ingress.2541437006.ipv6_cidr_blocks.#": "0",
                            "ingress.2541437006.protocol": "TCP",
                            "ingress.2541437006.security_groups.#": "0",
                            "ingress.2541437006.self": "false",
                            "ingress.2541437006.to_port": "22",
                            "name": "FrontEnd",
                            "owner_id": "903371460841",
                            "revoke_rules_on_delete": "false",
                            "tags.%": "1",
                            "tags.Name": "FrontEnd",
                            "vpc_id": "vpc-099f9210d935132a5"
                        },
                        "meta": {
                            "e2bfb730-ecaa-11e6-8f88-34363bc7c4c0": {
                                "create": 600000000000,
                                "delete": 600000000000
                            },
                            "schema_version": "1"
                        },
                        "tainted": false
                    },
                    "deposed": [],
                    "provider": "provider.aws"
                },
                "aws_subnet.PrivateAZA": {
                    "type": "aws_subnet",
                    "depends_on": [
                        "aws_vpc.terraformmain",
                        "data.aws_availability_zones.available"
                    ],
                    "primary": {
                        "id": "subnet-02bb530c37c80e816",
                        "attributes": {
                            "assign_ipv6_address_on_creation": "false",
                            "availability_zone": "eu-west-2b",
                            "cidr_block": "172.31.3.0/24",
                            "id": "subnet-02bb530c37c80e816",
                            "map_public_ip_on_launch": "false",
                            "tags.%": "1",
                            "tags.Name": "PublicAZB",
                            "vpc_id": "vpc-099f9210d935132a5"
                        },
                        "meta": {
                            "schema_version": "1"
                        },
                        "tainted": false
                    },
                    "deposed": [],
                    "provider": "provider.aws"
                },
                "aws_subnet.PublicAZA": {
                    "type": "aws_subnet",
                    "depends_on": [
                        "aws_vpc.terraformmain",
                        "data.aws_availability_zones.available"
                    ],
                    "primary": {
                        "id": "subnet-09d078334994810ac",
                        "attributes": {
                            "assign_ipv6_address_on_creation": "false",
                            "availability_zone": "eu-west-2a",
                            "cidr_block": "172.31.0.0/24",
                            "id": "subnet-09d078334994810ac",
                            "map_public_ip_on_launch": "false",
                            "tags.%": "1",
                            "tags.Name": "PublicAZA",
                            "vpc_id": "vpc-099f9210d935132a5"
                        },
                        "meta": {
                            "schema_version": "1"
                        },
                        "tainted": false
                    },
                    "deposed": [],
                    "provider": "provider.aws"
                },
                "aws_vpc.terraformmain": {
                    "type": "aws_vpc",
                    "depends_on": [],
                    "primary": {
                        "id": "vpc-099f9210d935132a5",
                        "attributes": {
                            "assign_generated_ipv6_cidr_block": "false",
                            "cidr_block": "172.31.0.0/16",
                            "default_network_acl_id": "acl-0cc0622d1b5762aa8",
                            "default_route_table_id": "rtb-08c34ec0c5f7a3d0e",
                            "default_security_group_id": "sg-05405c7fa9b8f9870",
                            "dhcp_options_id": "dopt-f65eee9e",
                            "enable_dns_hostnames": "true",
                            "enable_dns_support": "true",
                            "id": "vpc-099f9210d935132a5",
                            "instance_tenancy": "default",
                            "main_route_table_id": "rtb-08c34ec0c5f7a3d0e",
                            "tags.%": "1",
                            "tags.Name": "My terraform vpc"
                        },
                        "meta": {
                            "schema_version": "1"
                        },
                        "tainted": false
                    },
                    "deposed": [],
                    "provider": "provider.aws"
                },
                "aws_vpc_dhcp_options.mydhcp": {
                    "type": "aws_vpc_dhcp_options",
                    "depends_on": [],
                    "primary": {
                        "id": "dopt-00fb746872a593e8b",
                        "attributes": {
                            "domain_name": "technosallis.internal",
                            "domain_name_servers.#": "1",
                            "domain_name_servers.0": "AmazonProvidedDNS",
                            "id": "dopt-00fb746872a593e8b",
                            "tags.%": "1",
                            "tags.Name": "My internal name"
                        },
                        "meta": {},
                        "tainted": false
                    },
                    "deposed": [],
                    "provider": "provider.aws"
                },
                "aws_vpc_dhcp_options_association.dns_resolver": {
                    "type": "aws_vpc_dhcp_options_association",
                    "depends_on": [
                        "aws_vpc.terraformmain",
                        "aws_vpc_dhcp_options.mydhcp"
                    ],
                    "primary": {
                        "id": "dopt-00fb746872a593e8b-vpc-099f9210d935132a5",
                        "attributes": {
                            "dhcp_options_id": "dopt-00fb746872a593e8b",
                            "id": "dopt-00fb746872a593e8b-vpc-099f9210d935132a5",
                            "vpc_id": "vpc-099f9210d935132a5"
                        },
                        "meta": {},
                        "tainted": false
                    },
                    "deposed": [],
                    "provider": "provider.aws"
                },
                "data.aws_availability_zones.available": {
                    "type": "aws_availability_zones",
                    "depends_on": [],
                    "primary": {
                        "id": "2018-05-11 18:36:43.622633 +0000 UTC",
                        "attributes": {
                            "id": "2018-05-11 18:36:43.622633 +0000 UTC",
                            "names.#": "3",
                            "names.0": "eu-west-2a",
                            "names.1": "eu-west-2b",
                            "names.2": "eu-west-2c"
                        },
                        "meta": {},
                        "tainted": false
                    },
                    "deposed": [],
                    "provider": "provider.aws"
                }
            },
            "depends_on": []
        }
    ]
}
